
Microsoft Visual Studio Solution File, Format Version 12.00
# Visual Studio Version 16
VisualStudioVersion = 16.0.30114.105
MinimumVisualStudioVersion = 10.0.40219.1
Project("{2150E333-8FDC-42A3-9474-1A3956D46DE8}") = "src", "src", "{08257912-234B-40E9-A45F-D7EFE2D46005}"
EndProject
Project("{FAE04EC0-301F-11D3-BF4B-00C04F79EFBC}") = "SmallsOnline.Web.Api", "src\SmallsOnline.Web.Api\SmallsOnline.Web.Api.csproj", "{2E041E21-AEB9-440D-9A51-823A313F7F1F}"
EndProject
Project("{FAE04EC0-301F-11D3-BF4B-00C04F79EFBC}") = "SmallsOnline.Web.Api.Lib", "src\SmallsOnline.Web.Api.Lib\SmallsOnline.Web.Api.Lib.csproj", "{D20FFC59-8614-40BF-8A6B-3461C770BEC9}"
EndProject
Global
	GlobalSection(SolutionConfigurationPlatforms) = preSolution
		Debug|Any CPU = Debug|Any CPU
		Release|Any CPU = Release|Any CPU
	EndGlobalSection
	GlobalSection(SolutionProperties) = preSolution
		HideSolutionNode = FALSE
	EndGlobalSection
	GlobalSection(ProjectConfigurationPlatforms) = postSolution
		{2E041E21-AEB9-440D-9A51-823A313F7F1F}.Debug|Any CPU.ActiveCfg = Debug|Any CPU
		{2E041E21-AEB9-440D-9A51-823A313F7F1F}.Debug|Any CPU.Build.0 = Debug|Any CPU
		{2E041E21-AEB9-440D-9A51-823A313F7F1F}.Release|Any CPU.ActiveCfg = Release|Any CPU
		{2E041E21-AEB9-440D-9A51-823A313F7F1F}.Release|Any CPU.Build.0 = Release|Any CPU
		{D20FFC59-8614-40BF-8A6B-3461C770BEC9}.Debug|Any CPU.ActiveCfg = Debug|Any CPU
		{D20FFC59-8614-40BF-8A6B-3461C770BEC9}.Debug|Any CPU.Build.0 = Debug|Any CPU
		{D20FFC59-8614-40BF-8A6B-3461C770BEC9}.Release|Any CPU.ActiveCfg = Release|Any CPU
		{D20FFC59-8614-40BF-8A6B-3461C770BEC9}.Release|Any CPU.Build.0 = Release|Any CPU
	EndGlobalSection
	GlobalSection(NestedProjects) = preSolution
		{2E041E21-AEB9-440D-9A51-823A313F7F1F} = {08257912-234B-40E9-A45F-D7EFE2D46005}
		{D20FFC59-8614-40BF-8A6B-3461C770BEC9} = {08257912-234B-40E9-A45F-D7EFE2D46005}
	EndGlobalSection
EndGlobal
