
Microsoft Visual Studio Solution File, Format Version 12.00
Project("{FAE04EC0-301F-11D3-BF4B-00C04F79EFBC}") = "SmallsOnline.Web.Api", "src\SmallsOnline.Web.Api\SmallsOnline.Web.Api.csproj", "{D38C53FA-4FE9-4055-BAED-4B8A0223811E}"
EndProject
Global
	GlobalSection(SolutionConfigurationPlatforms) = preSolution
		Debug|Any CPU = Debug|Any CPU
		Release|Any CPU = Release|Any CPU
	EndGlobalSection
	GlobalSection(ProjectConfigurationPlatforms) = postSolution
		{D38C53FA-4FE9-4055-BAED-4B8A0223811E}.Debug|Any CPU.ActiveCfg = Debug|Any CPU
		{D38C53FA-4FE9-4055-BAED-4B8A0223811E}.Debug|Any CPU.Build.0 = Debug|Any CPU
		{D38C53FA-4FE9-4055-BAED-4B8A0223811E}.Release|Any CPU.ActiveCfg = Release|Any CPU
		{D38C53FA-4FE9-4055-BAED-4B8A0223811E}.Release|Any CPU.Build.0 = Release|Any CPU
	EndGlobalSection
EndGlobal
